// !$*UTF8*$!
{
	archiveVersion = 1;
	classes = {
	};
	objectVersion = 48;
	objects = {

/* Begin PBXBuildFile section */
		1D015B651ED86776D353C33F /* Pods_JatAppTest.framework in Frameworks */ = {isa = PBXBuildFile; fileRef = 7368D019EA0621CE27EBA9F2 /* Pods_JatAppTest.framework */; };
		8177D0BD214E67CD00AC4780 /* AlamofireRequest.swift in Sources */ = {isa = PBXBuildFile; fileRef = 8177D0BC214E67CD00AC4780 /* AlamofireRequest.swift */; };
		8177D0C1214E8D7000AC4780 /* JSONParsingStruct.swift in Sources */ = {isa = PBXBuildFile; fileRef = 8177D0C0214E8D7000AC4780 /* JSONParsingStruct.swift */; };
		8177D0C3214EB22900AC4780 /* FinalViewController.swift in Sources */ = {isa = PBXBuildFile; fileRef = 8177D0C2214EB22900AC4780 /* FinalViewController.swift */; };
		81B5E7A02152BEBD00847BD6 /* CharacterQuantity.swift in Sources */ = {isa = PBXBuildFile; fileRef = 81B5E79F2152BEBD00847BD6 /* CharacterQuantity.swift */; };
		81D311C1214D2E6200B201CE /* AppDelegate.swift in Sources */ = {isa = PBXBuildFile; fileRef = 81D311C0214D2E6200B201CE /* AppDelegate.swift */; };
		81D311C6214D2E6200B201CE /* Main.storyboard in Resources */ = {isa = PBXBuildFile; fileRef = 81D311C4214D2E6200B201CE /* Main.storyboard */; };
		81D311C8214D2E6200B201CE /* Assets.xcassets in Resources */ = {isa = PBXBuildFile; fileRef = 81D311C7214D2E6200B201CE /* Assets.xcassets */; };
		81D311CB214D2E6200B201CE /* LaunchScreen.storyboard in Resources */ = {isa = PBXBuildFile; fileRef = 81D311C9214D2E6200B201CE /* LaunchScreen.storyboard */; };
		81D311D3214D364A00B201CE /* LogInViewController.swift in Sources */ = {isa = PBXBuildFile; fileRef = 81D311D2214D364A00B201CE /* LogInViewController.swift */; };
		81D311D5214D366A00B201CE /* SingUpViewController.swift in Sources */ = {isa = PBXBuildFile; fileRef = 81D311D4214D366A00B201CE /* SingUpViewController.swift */; };
/* End PBXBuildFile section */

/* Begin PBXFileReference section */
		359D0629BC5AE56BABEA3F78 /* Pods-JatAppTest.release.xcconfig */ = {isa = PBXFileReference; includeInIndex = 1; lastKnownFileType = text.xcconfig; name = "Pods-JatAppTest.release.xcconfig"; path = "Pods/Target Support Files/Pods-JatAppTest/Pods-JatAppTest.release.xcconfig"; sourceTree = "<group>"; };
		7368D019EA0621CE27EBA9F2 /* Pods_JatAppTest.framework */ = {isa = PBXFileReference; explicitFileType = wrapper.framework; includeInIndex = 0; path = Pods_JatAppTest.framework; sourceTree = BUILT_PRODUCTS_DIR; };
		8177D0BC214E67CD00AC4780 /* AlamofireRequest.swift */ = {isa = PBXFileReference; lastKnownFileType = sourcecode.swift; path = AlamofireRequest.swift; sourceTree = "<group>"; };
		8177D0C0214E8D7000AC4780 /* JSONParsingStruct.swift */ = {isa = PBXFileReference; lastKnownFileType = sourcecode.swift; path = JSONParsingStruct.swift; sourceTree = "<group>"; };
		8177D0C2214EB22900AC4780 /* FinalViewController.swift */ = {isa = PBXFileReference; lastKnownFileType = sourcecode.swift; path = FinalViewController.swift; sourceTree = "<group>"; };
		81B5E79F2152BEBD00847BD6 /* CharacterQuantity.swift */ = {isa = PBXFileReference; lastKnownFileType = sourcecode.swift; path = CharacterQuantity.swift; sourceTree = "<group>"; };
		81D311BD214D2E6200B201CE /* JatAppTest.app */ = {isa = PBXFileReference; explicitFileType = wrapper.application; includeInIndex = 0; path = JatAppTest.app; sourceTree = BUILT_PRODUCTS_DIR; };
		81D311C0214D2E6200B201CE /* AppDelegate.swift */ = {isa = PBXFileReference; lastKnownFileType = sourcecode.swift; path = AppDelegate.swift; sourceTree = "<group>"; };
		81D311C5214D2E6200B201CE /* Base */ = {isa = PBXFileReference; lastKnownFileType = file.storyboard; name = Base; path = Base.lproj/Main.storyboard; sourceTree = "<group>"; };
		81D311C7214D2E6200B201CE /* Assets.xcassets */ = {isa = PBXFileReference; lastKnownFileType = folder.assetcatalog; path = Assets.xcassets; sourceTree = "<group>"; };
		81D311CA214D2E6200B201CE /* Base */ = {isa = PBXFileReference; lastKnownFileType = file.storyboard; name = Base; path = Base.lproj/LaunchScreen.storyboard; sourceTree = "<group>"; };
		81D311CC214D2E6200B201CE /* Info.plist */ = {isa = PBXFileReference; lastKnownFileType = text.plist.xml; path = Info.plist; sourceTree = "<group>"; };
		81D311D2214D364A00B201CE /* LogInViewController.swift */ = {isa = PBXFileReference; lastKnownFileType = sourcecode.swift; path = LogInViewController.swift; sourceTree = "<group>"; };
		81D311D4214D366A00B201CE /* SingUpViewController.swift */ = {isa = PBXFileReference; lastKnownFileType = sourcecode.swift; path = SingUpViewController.swift; sourceTree = "<group>"; };
		B06DBEF7C451429A4742FFDB /* Pods-JatAppTest.debug.xcconfig */ = {isa = PBXFileReference; includeInIndex = 1; lastKnownFileType = text.xcconfig; name = "Pods-JatAppTest.debug.xcconfig"; path = "Pods/Target Support Files/Pods-JatAppTest/Pods-JatAppTest.debug.xcconfig"; sourceTree = "<group>"; };
/* End PBXFileReference section */

/* Begin PBXFrameworksBuildPhase section */
		81D311BA214D2E6200B201CE /* Frameworks */ = {
			isa = PBXFrameworksBuildPhase;
			buildActionMask = 2147483647;
			files = (
				1D015B651ED86776D353C33F /* Pods_JatAppTest.framework in Frameworks */,
			);
			runOnlyForDeploymentPostprocessing = 0;
		};
/* End PBXFrameworksBuildPhase section */

/* Begin PBXGroup section */
		304503BECAB9547CCBB48757 /* Pods */ = {
			isa = PBXGroup;
			children = (
				B06DBEF7C451429A4742FFDB /* Pods-JatAppTest.debug.xcconfig */,
				359D0629BC5AE56BABEA3F78 /* Pods-JatAppTest.release.xcconfig */,
			);
			name = Pods;
			sourceTree = "<group>";
		};
		8177D0BB214E679400AC4780 /* Model */ = {
			isa = PBXGroup;
			children = (
				81B5E79F2152BEBD00847BD6 /* CharacterQuantity.swift */,
				8177D0BC214E67CD00AC4780 /* AlamofireRequest.swift */,
				8177D0C0214E8D7000AC4780 /* JSONParsingStruct.swift */,
			);
			path = Model;
			sourceTree = "<group>";
		};
		81D311B4214D2E6200B201CE = {
			isa = PBXGroup;
			children = (
				81D311BF214D2E6200B201CE /* JatAppTest */,
				81D311BE214D2E6200B201CE /* Products */,
				304503BECAB9547CCBB48757 /* Pods */,
				D6EE6B1C505853D2E5190620 /* Frameworks */,
			);
			sourceTree = "<group>";
		};
		81D311BE214D2E6200B201CE /* Products */ = {
			isa = PBXGroup;
			children = (
				81D311BD214D2E6200B201CE /* JatAppTest.app */,
			);
			name = Products;
			sourceTree = "<group>";
		};
		81D311BF214D2E6200B201CE /* JatAppTest */ = {
			isa = PBXGroup;
			children = (
				8177D0BB214E679400AC4780 /* Model */,
				81D311C0214D2E6200B201CE /* AppDelegate.swift */,
				81D311D6214D367400B201CE /* Controller */,
				81D745FA214FB47D00630496 /* View */,
				81D311C7214D2E6200B201CE /* Assets.xcassets */,
				81D311C9214D2E6200B201CE /* LaunchScreen.storyboard */,
				81D311CC214D2E6200B201CE /* Info.plist */,
			);
			path = JatAppTest;
			sourceTree = "<group>";
		};
		81D311D6214D367400B201CE /* Controller */ = {
			isa = PBXGroup;
			children = (
				81D311D2214D364A00B201CE /* LogInViewController.swift */,
				81D311D4214D366A00B201CE /* SingUpViewController.swift */,
				8177D0C2214EB22900AC4780 /* FinalViewController.swift */,
			);
			name = Controller;
			path = "New Group";
			sourceTree = "<group>";
		};
		81D745FA214FB47D00630496 /* View */ = {
			isa = PBXGroup;
			children = (
				81D311C4214D2E6200B201CE /* Main.storyboard */,
			);
			path = View;
			sourceTree = "<group>";
		};
		D6EE6B1C505853D2E5190620 /* Frameworks */ = {
			isa = PBXGroup;
			children = (
				7368D019EA0621CE27EBA9F2 /* Pods_JatAppTest.framework */,
			);
			name = Frameworks;
			sourceTree = "<group>";
		};
/* End PBXGroup section */

/* Begin PBXNativeTarget section */
		81D311BC214D2E6200B201CE /* JatAppTest */ = {
			isa = PBXNativeTarget;
			buildConfigurationList = 81D311CF214D2E6200B201CE /* Build configuration list for PBXNativeTarget "JatAppTest" */;
			buildPhases = (
				07EB0A0313CF095C2A8534CC /* [CP] Check Pods Manifest.lock */,
				81D311B9214D2E6200B201CE /* Sources */,
				81D311BA214D2E6200B201CE /* Frameworks */,
				81D311BB214D2E6200B201CE /* Resources */,
				C1AE8A4EF0FF7671C1B8B43E /* [CP] Embed Pods Frameworks */,
			);
			buildRules = (
			);
			dependencies = (
			);
			name = JatAppTest;
			productName = JatAppTest;
			productReference = 81D311BD214D2E6200B201CE /* JatAppTest.app */;
			productType = "com.apple.product-type.application";
		};
/* End PBXNativeTarget section */

/* Begin PBXProject section */
		81D311B5214D2E6200B201CE /* Project object */ = {
			isa = PBXProject;
			attributes = {
				LastSwiftUpdateCheck = 0920;
				LastUpgradeCheck = 0920;
				ORGANIZATIONNAME = "Anastasiia ORJI";
				TargetAttributes = {
					81D311BC214D2E6200B201CE = {
						CreatedOnToolsVersion = 9.2;
						ProvisioningStyle = Automatic;
					};
				};
			};
			buildConfigurationList = 81D311B8214D2E6200B201CE /* Build configuration list for PBXProject "JatAppTest" */;
			compatibilityVersion = "Xcode 8.0";
			developmentRegion = en;
			hasScannedForEncodings = 0;
			knownRegions = (
				en,
				Base,
			);
			mainGroup = 81D311B4214D2E6200B201CE;
			productRefGroup = 81D311BE214D2E6200B201CE /* Products */;
			projectDirPath = "";
			projectRoot = "";
			targets = (
				81D311BC214D2E6200B201CE /* JatAppTest */,
			);
		};
/* End PBXProject section */

/* Begin PBXResourcesBuildPhase section */
		81D311BB214D2E6200B201CE /* Resources */ = {
			isa = PBXResourcesBuildPhase;
			buildActionMask = 2147483647;
			files = (
				81D311CB214D2E6200B201CE /* LaunchScreen.storyboard in Resources */,
				81D311C8214D2E6200B201CE /* Assets.xcassets in Resources */,
				81D311C6214D2E6200B201CE /* Main.storyboard in Resources */,
			);
			runOnlyForDeploymentPostprocessing = 0;
		};
/* End PBXResourcesBuildPhase section */

/* Begin PBXShellScriptBuildPhase section */
		07EB0A0313CF095C2A8534CC /* [CP] Check Pods Manifest.lock */ = {
			isa = PBXShellScriptBuildPhase;
			buildActionMask = 2147483647;
			files = (
			);
			inputPaths = (
				"${PODS_PODFILE_DIR_PATH}/Podfile.lock",
				"${PODS_ROOT}/Manifest.lock",
			);
			name = "[CP] Check Pods Manifest.lock";
			outputPaths = (
				"$(DERIVED_FILE_DIR)/Pods-JatAppTest-checkManifestLockResult.txt",
			);
			runOnlyForDeploymentPostprocessing = 0;
			shellPath = /bin/sh;
			shellScript = "diff \"${PODS_PODFILE_DIR_PATH}/Podfile.lock\" \"${PODS_ROOT}/Manifest.lock\" > /dev/null\nif [ $? != 0 ] ; then\n    # print error to STDERR\n    echo \"error: The sandbox is not in sync with the Podfile.lock. Run 'pod install' or update your CocoaPods installation.\" >&2\n    exit 1\nfi\n# This output is used by Xcode 'outputs' to avoid re-running this script phase.\necho \"SUCCESS\" > \"${SCRIPT_OUTPUT_FILE_0}\"\n";
			showEnvVarsInLog = 0;
		};
		C1AE8A4EF0FF7671C1B8B43E /* [CP] Embed Pods Frameworks */ = {
			isa = PBXShellScriptBuildPhase;
			buildActionMask = 2147483647;
			files = (
			);
			inputPaths = (
				"${SRCROOT}/Pods/Target Support Files/Pods-JatAppTest/Pods-JatAppTest-frameworks.sh",
				"${BUILT_PRODUCTS_DIR}/Alamofire/Alamofire.framework",
				"${BUILT_PRODUCTS_DIR}/SwiftyJSON/SwiftyJSON.framework",
			);
			name = "[CP] Embed Pods Frameworks";
			outputPaths = (
				"${TARGET_BUILD_DIR}/${FRAMEWORKS_FOLDER_PATH}/Alamofire.framework",
				"${TARGET_BUILD_DIR}/${FRAMEWORKS_FOLDER_PATH}/SwiftyJSON.framework",
			);
			runOnlyForDeploymentPostprocessing = 0;
			shellPath = /bin/sh;
			shellScript = "\"${SRCROOT}/Pods/Target Support Files/Pods-JatAppTest/Pods-JatAppTest-frameworks.sh\"\n";
			showEnvVarsInLog = 0;
		};
/* End PBXShellScriptBuildPhase section */

/* Begin PBXSourcesBuildPhase section */
		81D311B9214D2E6200B201CE /* Sources */ = {
			isa = PBXSourcesBuildPhase;
			buildActionMask = 2147483647;
			files = (
				8177D0C1214E8D7000AC4780 /* JSONParsingStruct.swift in Sources */,
				8177D0C3214EB22900AC4780 /* FinalViewController.swift in Sources */,
				81D311D5214D366A00B201CE /* SingUpViewController.swift in Sources */,
				81D311D3214D364A00B201CE /* LogInViewController.swift in Sources */,
				8177D0BD214E67CD00AC4780 /* AlamofireRequest.swift in Sources */,
				81B5E7A02152BEBD00847BD6 /* CharacterQuantity.swift in Sources */,
				81D311C1214D2E6200B201CE /* AppDelegate.swift in Sources */,
			);
			runOnlyForDeploymentPostprocessing = 0;
		};
/* End PBXSourcesBuildPhase section */

/* Begin PBXVariantGroup section */
		81D311C4214D2E6200B201CE /* Main.storyboard */ = {
			isa = PBXVariantGroup;
			children = (
				81D311C5214D2E6200B201CE /* Base */,
			);
			name = Main.storyboard;
			sourceTree = "<group>";
		};
		81D311C9214D2E6200B201CE /* LaunchScreen.storyboard */ = {
			isa = PBXVariantGroup;
			children = (
				81D311CA214D2E6200B201CE /* Base */,
			);
			name = LaunchScreen.storyboard;
			sourceTree = "<group>";
		};
/* End PBXVariantGroup section */

/* Begin XCBuildConfiguration section */
		81D311CD214D2E6200B201CE /* Debug */ = {
			isa = XCBuildConfiguration;
			buildSettings = {
				ALWAYS_SEARCH_USER_PATHS = NO;
				CLANG_ANALYZER_NONNULL = YES;
				CLANG_ANALYZER_NUMBER_OBJECT_CONVERSION = YES_AGGRESSIVE;
				CLANG_CXX_LANGUAGE_STANDARD = "gnu++14";
				CLANG_CXX_LIBRARY = "libc++";
				CLANG_ENABLE_MODULES = YES;
				CLANG_ENABLE_OBJC_ARC = YES;
				CLANG_WARN_BLOCK_CAPTURE_AUTORELEASING = YES;
				CLANG_WARN_BOOL_CONVERSION = YES;
				CLANG_WARN_COMMA = YES;
				CLANG_WARN_CONSTANT_CONVERSION = YES;
				CLANG_WARN_DIRECT_OBJC_ISA_USAGE = YES_ERROR;
				CLANG_WARN_DOCUMENTATION_COMMENTS = YES;
				CLANG_WARN_EMPTY_BODY = YES;
				CLANG_WARN_ENUM_CONVERSION = YES;
				CLANG_WARN_INFINITE_RECURSION = YES;
				CLANG_WARN_INT_CONVERSION = YES;
				CLANG_WARN_NON_LITERAL_NULL_CONVERSION = YES;
				CLANG_WARN_OBJC_LITERAL_CONVERSION = YES;
				CLANG_WARN_OBJC_ROOT_CLASS = YES_ERROR;
				CLANG_WARN_RANGE_LOOP_ANALYSIS = YES;
				CLANG_WARN_STRICT_PROTOTYPES = YES;
				CLANG_WARN_SUSPICIOUS_MOVE = YES;
				CLANG_WARN_UNGUARDED_AVAILABILITY = YES_AGGRESSIVE;
				CLANG_WARN_UNREACHABLE_CODE = YES;
				CLANG_WARN__DUPLICATE_METHOD_MATCH = YES;
				CODE_SIGN_IDENTITY = "iPhone Developer";
				COPY_PHASE_STRIP = NO;
				DEBUG_INFORMATION_FORMAT = dwarf;
				ENABLE_STRICT_OBJC_MSGSEND = YES;
				ENABLE_TESTABILITY = YES;
				GCC_C_LANGUAGE_STANDARD = gnu11;
				GCC_DYNAMIC_NO_PIC = NO;
				GCC_NO_COMMON_BLOCKS = YES;
				GCC_OPTIMIZATION_LEVEL = 0;
				GCC_PREPROCESSOR_DEFINITIONS = (
					"DEBUG=1",
					"$(inherited)",
				);
				GCC_WARN_64_TO_32_BIT_CONVERSION = YES;
				GCC_WARN_ABOUT_RETURN_TYPE = YES_ERROR;
				GCC_WARN_UNDECLARED_SELECTOR = YES;
				GCC_WARN_UNINITIALIZED_AUTOS = YES_AGGRESSIVE;
				GCC_WARN_UNUSED_FUNCTION = YES;
				GCC_WARN_UNUSED_VARIABLE = YES;
				IPHONEOS_DEPLOYMENT_TARGET = 11.2;
				MTL_ENABLE_DEBUG_INFO = YES;
				ONLY_ACTIVE_ARCH = YES;
				SDKROOT = iphoneos;
				SWIFT_ACTIVE_COMPILATION_CONDITIONS = DEBUG;
				SWIFT_OPTIMIZATION_LEVEL = "-Onone";
			};
			name = Debug;
		};
		81D311CE214D2E6200B201CE /* Release */ = {
			isa = XCBuildConfiguration;
			buildSettings = {
				ALWAYS_SEARCH_USER_PATHS = NO;
				CLANG_ANALYZER_NONNULL = YES;
				CLANG_ANALYZER_NUMBER_OBJECT_CONVERSION = YES_AGGRESSIVE;
				CLANG_CXX_LANGUAGE_STANDARD = "gnu++14";
				CLANG_CXX_LIBRARY = "libc++";
				CLANG_ENABLE_MODULES = YES;
				CLANG_ENABLE_OBJC_ARC = YES;
				CLANG_WARN_BLOCK_CAPTURE_AUTORELEASING = YES;
				CLANG_WARN_BOOL_CONVERSION = YES;
				CLANG_WARN_COMMA = YES;
				CLANG_WARN_CONSTANT_CONVERSION = YES;
				CLANG_WARN_DIRECT_OBJC_ISA_USAGE = YES_ERROR;
				CLANG_WARN_DOCUMENTATION_COMMENTS = YES;
				CLANG_WARN_EMPTY_BODY = YES;
				CLANG_WARN_ENUM_CONVERSION = YES;
				CLANG_WARN_INFINITE_RECURSION = YES;
				CLANG_WARN_INT_CONVERSION = YES;
				CLANG_WARN_NON_LITERAL_NULL_CONVERSION = YES;
				CLANG_WARN_OBJC_LITERAL_CONVERSION = YES;
				CLANG_WARN_OBJC_ROOT_CLASS = YES_ERROR;
				CLANG_WARN_RANGE_LOOP_ANALYSIS = YES;
				CLANG_WARN_STRICT_PROTOTYPES = YES;
				CLANG_WARN_SUSPICIOUS_MOVE = YES;
				CLANG_WARN_UNGUARDED_AVAILABILITY = YES_AGGRESSIVE;
				CLANG_WARN_UNREACHABLE_CODE = YES;
				CLANG_WARN__DUPLICATE_METHOD_MATCH = YES;
				CODE_SIGN_IDENTITY = "iPhone Developer";
				COPY_PHASE_STRIP = NO;
				DEBUG_INFORMATION_FORMAT = "dwarf-with-dsym";
				ENABLE_NS_ASSERTIONS = NO;
				ENABLE_STRICT_OBJC_MSGSEND = YES;
				GCC_C_LANGUAGE_STANDARD = gnu11;
				GCC_NO_COMMON_BLOCKS = YES;
				GCC_WARN_64_TO_32_BIT_CONVERSION = YES;
				GCC_WARN_ABOUT_RETURN_TYPE = YES_ERROR;
				GCC_WARN_UNDECLARED_SELECTOR = YES;
				GCC_WARN_UNINITIALIZED_AUTOS = YES_AGGRESSIVE;
				GCC_WARN_UNUSED_FUNCTION = YES;
				GCC_WARN_UNUSED_VARIABLE = YES;
				IPHONEOS_DEPLOYMENT_TARGET = 11.2;
				MTL_ENABLE_DEBUG_INFO = NO;
				SDKROOT = iphoneos;
				SWIFT_OPTIMIZATION_LEVEL = "-Owholemodule";
				VALIDATE_PRODUCT = YES;
			};
			name = Release;
		};
		81D311D0214D2E6200B201CE /* Debug */ = {
			isa = XCBuildConfiguration;
			baseConfigurationReference = B06DBEF7C451429A4742FFDB /* Pods-JatAppTest.debug.xcconfig */;
			buildSettings = {
				ASSETCATALOG_COMPILER_APPICON_NAME = AppIcon;
				CODE_SIGN_STYLE = Automatic;
				INFOPLIST_FILE = JatAppTest/Info.plist;
				LD_RUNPATH_SEARCH_PATHS = "$(inherited) @executable_path/Frameworks";
				PRODUCT_BUNDLE_IDENTIFIER = com.aorji.JatAppTest;
				PRODUCT_NAME = "$(TARGET_NAME)";
				SWIFT_VERSION = 4.0;
				TARGETED_DEVICE_FAMILY = "1,2";
			};
			name = Debug;
		};
		81D311D1214D2E6200B201CE /* Release */ = {
			isa = XCBuildConfiguration;
			baseConfigurationReference = 359D0629BC5AE56BABEA3F78 /* Pods-JatAppTest.release.xcconfig */;
			buildSettings = {
				ASSETCATALOG_COMPILER_APPICON_NAME = AppIcon;
				CODE_SIGN_STYLE = Automatic;
				INFOPLIST_FILE = JatAppTest/Info.plist;
				LD_RUNPATH_SEARCH_PATHS = "$(inherited) @executable_path/Frameworks";
				PRODUCT_BUNDLE_IDENTIFIER = com.aorji.JatAppTest;
				PRODUCT_NAME = "$(TARGET_NAME)";
				SWIFT_VERSION = 4.0;
				TARGETED_DEVICE_FAMILY = "1,2";
			};
			name = Release;
		};
/* End XCBuildConfiguration section */

/* Begin XCConfigurationList section */
		81D311B8214D2E6200B201CE /* Build configuration list for PBXProject "JatAppTest" */ = {
			isa = XCConfigurationList;
			buildConfigurations = (
				81D311CD214D2E6200B201CE /* Debug */,
				81D311CE214D2E6200B201CE /* Release */,
			);
			defaultConfigurationIsVisible = 0;
			defaultConfigurationName = Release;
		};
		81D311CF214D2E6200B201CE /* Build configuration list for PBXNativeTarget "JatAppTest" */ = {
			isa = XCConfigurationList;
			buildConfigurations = (
				81D311D0214D2E6200B201CE /* Debug */,
				81D311D1214D2E6200B201CE /* Release */,
			);
			defaultConfigurationIsVisible = 0;
			defaultConfigurationName = Release;
		};
/* End XCConfigurationList section */
	};
	rootObject = 81D311B5214D2E6200B201CE /* Project object */;
}
